
Microsoft Visual Studio Solution File, Format Version 12.00
# Visual Studio Version 17
VisualStudioVersion = 17.5.33530.505
MinimumVisualStudioVersion = 10.0.40219.1
Project("{FAE04EC0-301F-11D3-BF4B-00C04F79EFBC}") = "SumaRecursiva", "SumaRecursiva\SumaRecursiva.csproj", "{994168FE-FD33-4E45-B72A-456FE622EE62}"
EndProject
Global
	GlobalSection(SolutionConfigurationPlatforms) = preSolution
		Debug|Any CPU = Debug|Any CPU
		Release|Any CPU = Release|Any CPU
	EndGlobalSection
	GlobalSection(ProjectConfigurationPlatforms) = postSolution
		{994168FE-FD33-4E45-B72A-456FE622EE62}.Debug|Any CPU.ActiveCfg = Debug|Any CPU
		{994168FE-FD33-4E45-B72A-456FE622EE62}.Debug|Any CPU.Build.0 = Debug|Any CPU
		{994168FE-FD33-4E45-B72A-456FE622EE62}.Release|Any CPU.ActiveCfg = Release|Any CPU
		{994168FE-FD33-4E45-B72A-456FE622EE62}.Release|Any CPU.Build.0 = Release|Any CPU
	EndGlobalSection
	GlobalSection(SolutionProperties) = preSolution
		HideSolutionNode = FALSE
	EndGlobalSection
	GlobalSection(ExtensibilityGlobals) = postSolution
		SolutionGuid = {2BA2E93C-A440-4A25-9C48-D56DC26D359D}
	EndGlobalSection
EndGlobal
